PODS:
  - Alamofire (5.4.3)
  - Kanna (5.2.4)

DEPENDENCIES:
  - Alamofire
  - Kanna

SPEC REPOS:
  trunk:
    - Alamofire
    - Kanna

SPEC CHECKSUMS:
  Alamofire: e447a2774a40c996748296fa2c55112fdbbc42f9
  Kanna: b9d00d7c11428308c7f95e1f1f84b8205f567a8f

PODFILE CHECKSUM: afae835ab7a3038d948ba5a91587df10c3ec25c3

COCOAPODS: 1.10.1
